{
  "requires": true,
  "lockfileVersion": 1,
  "dependencies": {
    "interact.js": {
      "version": "1.2.8",
      "resolved": "https://registry.npmjs.org/interact.js/-/interact.js-1.2.8.tgz",
      "integrity": "sha1-tivABFY7XG8pS2sRWzliBdhD9gs="
    },
    "vue2-interact": {
      "version": "0.0.3",
      "resolved": "https://registry.npmjs.org/vue2-interact/-/vue2-interact-0.0.3.tgz",
      "integrity": "sha512-jfJ3Eo33ut2PqCOkh4mTcDLQdwkSN5eBf/VWYTpmLLBIn//xWZE4Hjn7Qc7Pv9STd581+oswSua4E3A+/h579w==",
      "requires": {
        "interact.js": "^1.2.8"
      }
    }
  }
}
